
Microsoft Visual Studio Solution File, Format Version 12.00
# Visual Studio Version 16
VisualStudioVersion = 16.0.31129.286
MinimumVisualStudioVersion = 10.0.40219.1
Project("{8BC9CEB8-8B4A-11D0-8D11-00A0C91BC942}") = "WinAPIMultiThread", "WinAPIMultiThread\WinAPIMultiThread.vcxproj", "{BEE74C76-3BC2-4C6E-9520-EA085851AFD7}"
EndProject
Project("{8BC9CEB8-8B4A-11D0-8D11-00A0C91BC942}") = "StdMultiThread_conditionVariable2", "StdMultiThread_conditionVariable\StdMultiThread_conditionVariable.vcxproj", "{72C012A7-5BBE-4FAA-8B99-3661466A2D43}"
EndProject
Project("{8BC9CEB8-8B4A-11D0-8D11-00A0C91BC942}") = "StdMultiThread_conditionVariable1", "StdMultiThread_conditionVariable1\StdMultiThread_conditionVariable1.vcxproj", "{DB0FF9AC-85A6-4F63-A875-AA07131036C0}"
EndProject
Project("{8BC9CEB8-8B4A-11D0-8D11-00A0C91BC942}") = "MultiThreadHelloWorld", "MultiThreadHelloWorld\MultiThreadHelloWorld.vcxproj", "{6A8CF457-1040-457F-9FA4-FC29D1408E01}"
EndProject
Project("{8BC9CEB8-8B4A-11D0-8D11-00A0C91BC942}") = "Deadlock01", "Deadlock01\Deadlock01.vcxproj", "{EFC21987-C274-4B22-8C07-D5EB760311BD}"
EndProject
Project("{8BC9CEB8-8B4A-11D0-8D11-00A0C91BC942}") = "Deadlock02", "Deadlock02\Deadlock02.vcxproj", "{FDAB3CAB-4AEA-4A38-9997-3198AA9756EA}"
EndProject
Project("{8BC9CEB8-8B4A-11D0-8D11-00A0C91BC942}") = "CriticalSection", "CriticalSection\CriticalSection.vcxproj", "{6FA0FC5A-8D6A-4441-B0C3-692A07D3FCFF}"
EndProject
Project("{8BC9CEB8-8B4A-11D0-8D11-00A0C91BC942}") = "ConditionVariable03_ConsumerDemo2", "ConditionVariable03_ConsumerDemo2\ConditionVariable03_ConsumerDemo2.vcxproj", "{6186EDF0-6735-41C3-8D2D-1DAE14FAABF1}"
EndProject
Project("{8BC9CEB8-8B4A-11D0-8D11-00A0C91BC942}") = "Atomic01", "Atomic01\Atomic01.vcxproj", "{895F938C-9C13-41B4-A6BE-FD86863E94B0}"
EndProject
Project("{8BC9CEB8-8B4A-11D0-8D11-00A0C91BC942}") = "Atomic02", "Atomic02\Atomic02.vcxproj", "{AFEC5073-B0AD-4881-972F-656A93F513A6}"
EndProject
Global
	GlobalSection(SolutionConfigurationPlatforms) = preSolution
		Debug|x64 = Debug|x64
		Debug|x86 = Debug|x86
		Release|x64 = Release|x64
		Release|x86 = Release|x86
	EndGlobalSection
	GlobalSection(ProjectConfigurationPlatforms) = postSolution
		{BEE74C76-3BC2-4C6E-9520-EA085851AFD7}.Debug|x64.ActiveCfg = Debug|x64
		{BEE74C76-3BC2-4C6E-9520-EA085851AFD7}.Debug|x64.Build.0 = Debug|x64
		{BEE74C76-3BC2-4C6E-9520-EA085851AFD7}.Debug|x86.ActiveCfg = Debug|Win32
		{BEE74C76-3BC2-4C6E-9520-EA085851AFD7}.Debug|x86.Build.0 = Debug|Win32
		{BEE74C76-3BC2-4C6E-9520-EA085851AFD7}.Release|x64.ActiveCfg = Release|x64
		{BEE74C76-3BC2-4C6E-9520-EA085851AFD7}.Release|x64.Build.0 = Release|x64
		{BEE74C76-3BC2-4C6E-9520-EA085851AFD7}.Release|x86.ActiveCfg = Release|Win32
		{BEE74C76-3BC2-4C6E-9520-EA085851AFD7}.Release|x86.Build.0 = Release|Win32
		{72C012A7-5BBE-4FAA-8B99-3661466A2D43}.Debug|x64.ActiveCfg = Debug|x64
		{72C012A7-5BBE-4FAA-8B99-3661466A2D43}.Debug|x64.Build.0 = Debug|x64
		{72C012A7-5BBE-4FAA-8B99-3661466A2D43}.Debug|x86.ActiveCfg = Debug|Win32
		{72C012A7-5BBE-4FAA-8B99-3661466A2D43}.Debug|x86.Build.0 = Debug|Win32
		{72C012A7-5BBE-4FAA-8B99-3661466A2D43}.Release|x64.ActiveCfg = Release|x64
		{72C012A7-5BBE-4FAA-8B99-3661466A2D43}.Release|x64.Build.0 = Release|x64
		{72C012A7-5BBE-4FAA-8B99-3661466A2D43}.Release|x86.ActiveCfg = Release|Win32
		{72C012A7-5BBE-4FAA-8B99-3661466A2D43}.Release|x86.Build.0 = Release|Win32
		{DB0FF9AC-85A6-4F63-A875-AA07131036C0}.Debug|x64.ActiveCfg = Debug|x64
		{DB0FF9AC-85A6-4F63-A875-AA07131036C0}.Debug|x64.Build.0 = Debug|x64
		{DB0FF9AC-85A6-4F63-A875-AA07131036C0}.Debug|x86.ActiveCfg = Debug|Win32
		{DB0FF9AC-85A6-4F63-A875-AA07131036C0}.Debug|x86.Build.0 = Debug|Win32
		{DB0FF9AC-85A6-4F63-A875-AA07131036C0}.Release|x64.ActiveCfg = Release|x64
		{DB0FF9AC-85A6-4F63-A875-AA07131036C0}.Release|x64.Build.0 = Release|x64
		{DB0FF9AC-85A6-4F63-A875-AA07131036C0}.Release|x86.ActiveCfg = Release|Win32
		{DB0FF9AC-85A6-4F63-A875-AA07131036C0}.Release|x86.Build.0 = Release|Win32
		{6A8CF457-1040-457F-9FA4-FC29D1408E01}.Debug|x64.ActiveCfg = Debug|x64
		{6A8CF457-1040-457F-9FA4-FC29D1408E01}.Debug|x64.Build.0 = Debug|x64
		{6A8CF457-1040-457F-9FA4-FC29D1408E01}.Debug|x86.ActiveCfg = Debug|Win32
		{6A8CF457-1040-457F-9FA4-FC29D1408E01}.Debug|x86.Build.0 = Debug|Win32
		{6A8CF457-1040-457F-9FA4-FC29D1408E01}.Release|x64.ActiveCfg = Release|x64
		{6A8CF457-1040-457F-9FA4-FC29D1408E01}.Release|x64.Build.0 = Release|x64
		{6A8CF457-1040-457F-9FA4-FC29D1408E01}.Release|x86.ActiveCfg = Release|Win32
		{6A8CF457-1040-457F-9FA4-FC29D1408E01}.Release|x86.Build.0 = Release|Win32
		{EFC21987-C274-4B22-8C07-D5EB760311BD}.Debug|x64.ActiveCfg = Debug|x64
		{EFC21987-C274-4B22-8C07-D5EB760311BD}.Debug|x64.Build.0 = Debug|x64
		{EFC21987-C274-4B22-8C07-D5EB760311BD}.Debug|x86.ActiveCfg = Debug|Win32
		{EFC21987-C274-4B22-8C07-D5EB760311BD}.Debug|x86.Build.0 = Debug|Win32
		{EFC21987-C274-4B22-8C07-D5EB760311BD}.Release|x64.ActiveCfg = Release|x64
		{EFC21987-C274-4B22-8C07-D5EB760311BD}.Release|x64.Build.0 = Release|x64
		{EFC21987-C274-4B22-8C07-D5EB760311BD}.Release|x86.ActiveCfg = Release|Win32
		{EFC21987-C274-4B22-8C07-D5EB760311BD}.Release|x86.Build.0 = Release|Win32
		{FDAB3CAB-4AEA-4A38-9997-3198AA9756EA}.Debug|x64.ActiveCfg = Debug|x64
		{FDAB3CAB-4AEA-4A38-9997-3198AA9756EA}.Debug|x64.Build.0 = Debug|x64
		{FDAB3CAB-4AEA-4A38-9997-3198AA9756EA}.Debug|x86.ActiveCfg = Debug|Win32
		{FDAB3CAB-4AEA-4A38-9997-3198AA9756EA}.Debug|x86.Build.0 = Debug|Win32
		{FDAB3CAB-4AEA-4A38-9997-3198AA9756EA}.Release|x64.ActiveCfg = Release|x64
		{FDAB3CAB-4AEA-4A38-9997-3198AA9756EA}.Release|x64.Build.0 = Release|x64
		{FDAB3CAB-4AEA-4A38-9997-3198AA9756EA}.Release|x86.ActiveCfg = Release|Win32
		{FDAB3CAB-4AEA-4A38-9997-3198AA9756EA}.Release|x86.Build.0 = Release|Win32
		{6FA0FC5A-8D6A-4441-B0C3-692A07D3FCFF}.Debug|x64.ActiveCfg = Debug|x64
		{6FA0FC5A-8D6A-4441-B0C3-692A07D3FCFF}.Debug|x64.Build.0 = Debug|x64
		{6FA0FC5A-8D6A-4441-B0C3-692A07D3FCFF}.Debug|x86.ActiveCfg = Debug|Win32
		{6FA0FC5A-8D6A-4441-B0C3-692A07D3FCFF}.Debug|x86.Build.0 = Debug|Win32
		{6FA0FC5A-8D6A-4441-B0C3-692A07D3FCFF}.Release|x64.ActiveCfg = Release|x64
		{6FA0FC5A-8D6A-4441-B0C3-692A07D3FCFF}.Release|x64.Build.0 = Release|x64
		{6FA0FC5A-8D6A-4441-B0C3-692A07D3FCFF}.Release|x86.ActiveCfg = Release|Win32
		{6FA0FC5A-8D6A-4441-B0C3-692A07D3FCFF}.Release|x86.Build.0 = Release|Win32
		{6186EDF0-6735-41C3-8D2D-1DAE14FAABF1}.Debug|x64.ActiveCfg = Debug|x64
		{6186EDF0-6735-41C3-8D2D-1DAE14FAABF1}.Debug|x64.Build.0 = Debug|x64
		{6186EDF0-6735-41C3-8D2D-1DAE14FAABF1}.Debug|x86.ActiveCfg = Debug|Win32
		{6186EDF0-6735-41C3-8D2D-1DAE14FAABF1}.Debug|x86.Build.0 = Debug|Win32
		{6186EDF0-6735-41C3-8D2D-1DAE14FAABF1}.Release|x64.ActiveCfg = Release|x64
		{6186EDF0-6735-41C3-8D2D-1DAE14FAABF1}.Release|x64.Build.0 = Release|x64
		{6186EDF0-6735-41C3-8D2D-1DAE14FAABF1}.Release|x86.ActiveCfg = Release|Win32
		{6186EDF0-6735-41C3-8D2D-1DAE14FAABF1}.Release|x86.Build.0 = Release|Win32
		{895F938C-9C13-41B4-A6BE-FD86863E94B0}.Debug|x64.ActiveCfg = Debug|x64
		{895F938C-9C13-41B4-A6BE-FD86863E94B0}.Debug|x64.Build.0 = Debug|x64
		{895F938C-9C13-41B4-A6BE-FD86863E94B0}.Debug|x86.ActiveCfg = Debug|Win32
		{895F938C-9C13-41B4-A6BE-FD86863E94B0}.Debug|x86.Build.0 = Debug|Win32
		{895F938C-9C13-41B4-A6BE-FD86863E94B0}.Release|x64.ActiveCfg = Release|x64
		{895F938C-9C13-41B4-A6BE-FD86863E94B0}.Release|x64.Build.0 = Release|x64
		{895F938C-9C13-41B4-A6BE-FD86863E94B0}.Release|x86.ActiveCfg = Release|Win32
		{895F938C-9C13-41B4-A6BE-FD86863E94B0}.Release|x86.Build.0 = Release|Win32
		{AFEC5073-B0AD-4881-972F-656A93F513A6}.Debug|x64.ActiveCfg = Debug|x64
		{AFEC5073-B0AD-4881-972F-656A93F513A6}.Debug|x64.Build.0 = Debug|x64
		{AFEC5073-B0AD-4881-972F-656A93F513A6}.Debug|x86.ActiveCfg = Debug|Win32
		{AFEC5073-B0AD-4881-972F-656A93F513A6}.Debug|x86.Build.0 = Debug|Win32
		{AFEC5073-B0AD-4881-972F-656A93F513A6}.Release|x64.ActiveCfg = Release|x64
		{AFEC5073-B0AD-4881-972F-656A93F513A6}.Release|x64.Build.0 = Release|x64
		{AFEC5073-B0AD-4881-972F-656A93F513A6}.Release|x86.ActiveCfg = Release|Win32
		{AFEC5073-B0AD-4881-972F-656A93F513A6}.Release|x86.Build.0 = Release|Win32
	EndGlobalSection
	GlobalSection(SolutionProperties) = preSolution
		HideSolutionNode = FALSE
	EndGlobalSection
	GlobalSection(ExtensibilityGlobals) = postSolution
		SolutionGuid = {A9707575-91C1-4F25-AED7-F105E274E6E4}
	EndGlobalSection
EndGlobal
